// !$*UTF8*$!
{
	archiveVersion = 1;
	classes = {
	};
	objectVersion = 46;
	objects = {

/* Begin PBXBuildFile section */
		A6E6371E492911ECF5D969E6 /* Pods_Swift____.framework in Frameworks */ = {isa = PBXBuildFile; fileRef = 1B6CDDB70D754834CAEDC44B /* Pods_Swift____.framework */; };
		FD06E2171FC80118004CC4E5 /* ThreadTool.swift in Sources */ = {isa = PBXBuildFile; fileRef = FD06E2161FC80118004CC4E5 /* ThreadTool.swift */; };
		FD09C47D1FC52F3E0033C27A /* LocalStorable.swift in Sources */ = {isa = PBXBuildFile; fileRef = FD09C46E1FC52F3E0033C27A /* LocalStorable.swift */; };
		FD09C47E1FC52F3E0033C27A /* AlertTool.swift in Sources */ = {isa = PBXBuildFile; fileRef = FD09C4701FC52F3E0033C27A /* AlertTool.swift */; };
		FD09C47F1FC52F3E0033C27A /* HUDTool.swift in Sources */ = {isa = PBXBuildFile; fileRef = FD09C4711FC52F3E0033C27A /* HUDTool.swift */; };
		FD09C4801FC52F3E0033C27A /* PhotosChooseTool.swift in Sources */ = {isa = PBXBuildFile; fileRef = FD09C4721FC52F3E0033C27A /* PhotosChooseTool.swift */; };
		FD09C4831FC52F990033C27A /* Mappable.swift in Sources */ = {isa = PBXBuildFile; fileRef = FD09C4821FC52F990033C27A /* Mappable.swift */; };
		FD0CA55A1FE0FE5200DF5368 /* UIButton+UILinkCreate.swift in Sources */ = {isa = PBXBuildFile; fileRef = FD0CA5521FE0FE5000DF5368 /* UIButton+UILinkCreate.swift */; };
		FD0CA55B1FE0FE5200DF5368 /* UICreable.swift in Sources */ = {isa = PBXBuildFile; fileRef = FD0CA5531FE0FE5000DF5368 /* UICreable.swift */; };
		FD0CA55C1FE0FE5200DF5368 /* UIImageView+UILinkCreate.swift in Sources */ = {isa = PBXBuildFile; fileRef = FD0CA5541FE0FE5000DF5368 /* UIImageView+UILinkCreate.swift */; };
		FD0CA55D1FE0FE5200DF5368 /* UILable+UILinkCreate.swift in Sources */ = {isa = PBXBuildFile; fileRef = FD0CA5551FE0FE5000DF5368 /* UILable+UILinkCreate.swift */; };
		FD0CA55E1FE0FE5200DF5368 /* UITableView+UILinkCreate.swift in Sources */ = {isa = PBXBuildFile; fileRef = FD0CA5561FE0FE5000DF5368 /* UITableView+UILinkCreate.swift */; };
		FD0CA55F1FE0FE5200DF5368 /* UITextField+UILinkCreate.swift in Sources */ = {isa = PBXBuildFile; fileRef = FD0CA5571FE0FE5000DF5368 /* UITextField+UILinkCreate.swift */; };
		FD0CA5601FE0FE5200DF5368 /* UITextView+UILinkCreate.swift in Sources */ = {isa = PBXBuildFile; fileRef = FD0CA5581FE0FE5000DF5368 /* UITextView+UILinkCreate.swift */; };
		FD0CA5611FE0FE5200DF5368 /* UIView+UILinkCreate.swift in Sources */ = {isa = PBXBuildFile; fileRef = FD0CA5591FE0FE5000DF5368 /* UIView+UILinkCreate.swift */; };
		FD0CA5861FE10E2600DF5368 /* InputAccessory+Extension.swift in Sources */ = {isa = PBXBuildFile; fileRef = FD0CA57B1FE10E2600DF5368 /* InputAccessory+Extension.swift */; };
		FD0CA5871FE10E2600DF5368 /* Sequece+Extension.swift in Sources */ = {isa = PBXBuildFile; fileRef = FD0CA57C1FE10E2600DF5368 /* Sequece+Extension.swift */; };
		FD0CA5881FE10E2600DF5368 /* String+Extension.swift in Sources */ = {isa = PBXBuildFile; fileRef = FD0CA57D1FE10E2600DF5368 /* String+Extension.swift */; };
		FD0CA5891FE10E2600DF5368 /* UIButton+Extension.swift in Sources */ = {isa = PBXBuildFile; fileRef = FD0CA57E1FE10E2600DF5368 /* UIButton+Extension.swift */; };
		FD0CA58A1FE10E2600DF5368 /* UIColor+Extension.swift in Sources */ = {isa = PBXBuildFile; fileRef = FD0CA57F1FE10E2600DF5368 /* UIColor+Extension.swift */; };
		FD0CA58B1FE10E2600DF5368 /* UIImage+Extension.swift in Sources */ = {isa = PBXBuildFile; fileRef = FD0CA5801FE10E2600DF5368 /* UIImage+Extension.swift */; };
		FD0CA58C1FE10E2600DF5368 /* UITableView+Extension.swift in Sources */ = {isa = PBXBuildFile; fileRef = FD0CA5811FE10E2600DF5368 /* UITableView+Extension.swift */; };
		FD0CA58D1FE10E2600DF5368 /* UITableView+Refresh.swift in Sources */ = {isa = PBXBuildFile; fileRef = FD0CA5821FE10E2600DF5368 /* UITableView+Refresh.swift */; };
		FD0CA58E1FE10E2600DF5368 /* UIView+Extension.swift in Sources */ = {isa = PBXBuildFile; fileRef = FD0CA5831FE10E2600DF5368 /* UIView+Extension.swift */; };
		FD0CA58F1FE10E2600DF5368 /* UIView+Frame.swift in Sources */ = {isa = PBXBuildFile; fileRef = FD0CA5841FE10E2600DF5368 /* UIView+Frame.swift */; };
		FD0CA5901FE10E2600DF5368 /* UIViewController+Extension.swift in Sources */ = {isa = PBXBuildFile; fileRef = FD0CA5851FE10E2600DF5368 /* UIViewController+Extension.swift */; };
		FD49BF451F7C971500895A29 /* WebInteractionProtocol.swift in Sources */ = {isa = PBXBuildFile; fileRef = FD49BF441F7C971500895A29 /* WebInteractionProtocol.swift */; };
		FD49BF531F7C9F7400895A29 /* WebBridgeController.swift in Sources */ = {isa = PBXBuildFile; fileRef = FD49BF521F7C9F7400895A29 /* WebBridgeController.swift */; };
		FD49BF541F7CA51500895A29 /* WebViewJavascriptBridge.m in Sources */ = {isa = PBXBuildFile; fileRef = FD49BF4B1F7C9F2900895A29 /* WebViewJavascriptBridge.m */; };
		FD49BF551F7CA51500895A29 /* WebViewJavascriptBridge_JS.m in Sources */ = {isa = PBXBuildFile; fileRef = FD49BF4D1F7C9F2900895A29 /* WebViewJavascriptBridge_JS.m */; };
		FD49BF561F7CA51500895A29 /* WebViewJavascriptBridgeBase.m in Sources */ = {isa = PBXBuildFile; fileRef = FD49BF4F1F7C9F2900895A29 /* WebViewJavascriptBridgeBase.m */; };
		FD49BF571F7CA51500895A29 /* WKWebViewJavascriptBridge.m in Sources */ = {isa = PBXBuildFile; fileRef = FD49BF511F7C9F2900895A29 /* WKWebViewJavascriptBridge.m */; };
		FD56115320A42BD500F95DC6 /* RXSwfitExerciseViewController.swift in Sources */ = {isa = PBXBuildFile; fileRef = FD56115220A42BD500F95DC6 /* RXSwfitExerciseViewController.swift */; };
		FD8B598D209C4C2000D0FC6A /* Api.swift in Sources */ = {isa = PBXBuildFile; fileRef = FD8B598C209C4C2000D0FC6A /* Api.swift */; };
		FD8B598F209C4C6400D0FC6A /* HomeApi.swift in Sources */ = {isa = PBXBuildFile; fileRef = FD8B598E209C4C6400D0FC6A /* HomeApi.swift */; };
		FD8B5991209C595B00D0FC6A /* UserModel.swift in Sources */ = {isa = PBXBuildFile; fileRef = FD8B5990209C595B00D0FC6A /* UserModel.swift */; };
		FDB2CD5720BBA0FB00AE5775 /* Pods_Swift项目框架.framework in Frameworks */ = {isa = PBXBuildFile; fileRef = FDB2CD5620BBA0FB00AE5775 /* Pods_Swift项目框架.framework */; };
		FDB2CD5A20BBA17400AE5775 /* ZGNotificationsVC.swift in Sources */ = {isa = PBXBuildFile; fileRef = FDB2CD5920BBA17400AE5775 /* ZGNotificationsVC.swift */; };
		FDB2CD5C20BBA1F700AE5775 /* ZGNotificationCell.swift in Sources */ = {isa = PBXBuildFile; fileRef = FDB2CD5B20BBA1F700AE5775 /* ZGNotificationCell.swift */; };
		FDB2CD5E20BBA3BA00AE5775 /* ZGNotificationViewModel.swift in Sources */ = {isa = PBXBuildFile; fileRef = FDB2CD5D20BBA3BA00AE5775 /* ZGNotificationViewModel.swift */; };
		FDB2CD6120BBA50B00AE5775 /* UIView+Rx.swift in Sources */ = {isa = PBXBuildFile; fileRef = FDB2CD5F20BBA50B00AE5775 /* UIView+Rx.swift */; };
		FDB2CD6220BBA50B00AE5775 /* Extension+Rx.swift in Sources */ = {isa = PBXBuildFile; fileRef = FDB2CD6020BBA50B00AE5775 /* Extension+Rx.swift */; };
		FDB611CD1F7BB16F00C31195 /* BaseViewController.swift in Sources */ = {isa = PBXBuildFile; fileRef = FDB611CA1F7BB16F00C31195 /* BaseViewController.swift */; };
		FDB611CE1F7BB16F00C31195 /* BaseNavigationController.swift in Sources */ = {isa = PBXBuildFile; fileRef = FDB611CB1F7BB16F00C31195 /* BaseNavigationController.swift */; };
		FDB611CF1F7BB16F00C31195 /* BaseTableCell.swift in Sources */ = {isa = PBXBuildFile; fileRef = FDB611CC1F7BB16F00C31195 /* BaseTableCell.swift */; };
		FDBB57A420BBF841001A5642 /* ZGNotificationsModel.swift in Sources */ = {isa = PBXBuildFile; fileRef = FDBB57A320BBF841001A5642 /* ZGNotificationsModel.swift */; };
		FDBFA65520BD5EA100F1CEBD /* CleanJSON.swift in Sources */ = {isa = PBXBuildFile; fileRef = FDBFA65420BD5EA100F1CEBD /* CleanJSON.swift */; };
		FDC25A5120A040FB001B72B5 /* TextCalculatable.swift in Sources */ = {isa = PBXBuildFile; fileRef = FDC25A5020A040FB001B72B5 /* TextCalculatable.swift */; };
		FDC377A71FC57D6E002DD81B /* AESTool.swift in Sources */ = {isa = PBXBuildFile; fileRef = FDC377A61FC57D6E002DD81B /* AESTool.swift */; };
		FDC5F6AC1FC6A7FE008850B0 /* PhotoBrowserTool.swift in Sources */ = {isa = PBXBuildFile; fileRef = FDC5F6AB1FC6A7FE008850B0 /* PhotoBrowserTool.swift */; };
		FDC703B61F7B920700C2F534 /* BaseWebVC.swift in Sources */ = {isa = PBXBuildFile; fileRef = FDC703B51F7B920700C2F534 /* BaseWebVC.swift */; };
		FDC9C35620BE7BED006B4A6B /* CacheService.swift in Sources */ = {isa = PBXBuildFile; fileRef = FDC9C35520BE7BED006B4A6B /* CacheService.swift */; };
		FDC9C35820BE7C04006B4A6B /* DatabaseService.swift in Sources */ = {isa = PBXBuildFile; fileRef = FDC9C35720BE7C04006B4A6B /* DatabaseService.swift */; };
		FDC9C35C20BE94B5006B4A6B /* Cacheable.swift in Sources */ = {isa = PBXBuildFile; fileRef = FDC9C35B20BE94B5006B4A6B /* Cacheable.swift */; };
		FDC9C35E20BE96E0006B4A6B /* ServiceConst.swift in Sources */ = {isa = PBXBuildFile; fileRef = FDC9C35D20BE96E0006B4A6B /* ServiceConst.swift */; };
		FDD1D85D20C50F1A0099D517 /* BasePopupView.swift in Sources */ = {isa = PBXBuildFile; fileRef = FDD1D85C20C50F1A0099D517 /* BasePopupView.swift */; };
		FDD1D85F20C512B80099D517 /* TestPopupView.swift in Sources */ = {isa = PBXBuildFile; fileRef = FDD1D85E20C512B80099D517 /* TestPopupView.swift */; };
		FDDD1B501FC420B300D8C1BF /* Info.plist in Resources */ = {isa = PBXBuildFile; fileRef = FDEDC8981F6D115F00ACBF6A /* Info.plist */; };
		FDDED4C620B64BD1004DA07D /* ViewModelType.swift in Sources */ = {isa = PBXBuildFile; fileRef = FDDED4C520B64BD1004DA07D /* ViewModelType.swift */; };
		FDDED4CB20B64DF8004DA07D /* ZGHandleAuthVC.swift in Sources */ = {isa = PBXBuildFile; fileRef = FDDED4CA20B64DF8004DA07D /* ZGHandleAuthVC.swift */; };
		FDDED4CD20B64E1D004DA07D /* ZGAuthViewModel.swift in Sources */ = {isa = PBXBuildFile; fileRef = FDDED4CC20B64E1D004DA07D /* ZGAuthViewModel.swift */; };
		FDDED4CF20B66A0E004DA07D /* ZGAuthModel.swift in Sources */ = {isa = PBXBuildFile; fileRef = FDDED4CE20B66A0E004DA07D /* ZGAuthModel.swift */; };
		FDDED4E120B6A104004DA07D /* SystemAuthorizationService.swift in Sources */ = {isa = PBXBuildFile; fileRef = FDDED4E020B6A104004DA07D /* SystemAuthorizationService.swift */; };
		FDDEE9682085A3DE00A4616C /* ThirdConst.swift in Sources */ = {isa = PBXBuildFile; fileRef = FDDEE95F2085A3DC00A4616C /* ThirdConst.swift */; };
		FDDEE9692085A3DE00A4616C /* APPConst.swift in Sources */ = {isa = PBXBuildFile; fileRef = FDDEE9602085A3DC00A4616C /* APPConst.swift */; };
		FDDEE96A2085A3DE00A4616C /* NotificationConst.swift in Sources */ = {isa = PBXBuildFile; fileRef = FDDEE9612085A3DC00A4616C /* NotificationConst.swift */; };
		FDDEE96B2085A3DE00A4616C /* UserDefaultConst.swift in Sources */ = {isa = PBXBuildFile; fileRef = FDDEE9622085A3DD00A4616C /* UserDefaultConst.swift */; };
		FDDEE96C2085A3DE00A4616C /* ImageConst.swift in Sources */ = {isa = PBXBuildFile; fileRef = FDDEE9632085A3DD00A4616C /* ImageConst.swift */; };
		FDDEE96D2085A3DE00A4616C /* URLConst.swift in Sources */ = {isa = PBXBuildFile; fileRef = FDDEE9642085A3DD00A4616C /* URLConst.swift */; };
		FDDEE96E2085A3DE00A4616C /* FontAndColorConst.swift in Sources */ = {isa = PBXBuildFile; fileRef = FDDEE9652085A3DE00A4616C /* FontAndColorConst.swift */; };
		FDDEE96F2085A3DE00A4616C /* UtilsConst.swift in Sources */ = {isa = PBXBuildFile; fileRef = FDDEE9662085A3DE00A4616C /* UtilsConst.swift */; };
		FDDEE9702085A3DE00A4616C /* FrameConst.swift in Sources */ = {isa = PBXBuildFile; fileRef = FDDEE9672085A3DE00A4616C /* FrameConst.swift */; };
		FDDEE9752085A49100A4616C /* RequestValue.swift in Sources */ = {isa = PBXBuildFile; fileRef = FDDEE9712085A48F00A4616C /* RequestValue.swift */; };
		FDDEE9762085A49100A4616C /* RequestCache.swift in Sources */ = {isa = PBXBuildFile; fileRef = FDDEE9722085A48F00A4616C /* RequestCache.swift */; };
		FDDEE9772085A49100A4616C /* Requester.swift in Sources */ = {isa = PBXBuildFile; fileRef = FDDEE9732085A49000A4616C /* Requester.swift */; };
		FDDEE9782085A49100A4616C /* RequestManager.swift in Sources */ = {isa = PBXBuildFile; fileRef = FDDEE9742085A49000A4616C /* RequestManager.swift */; };
		FDDFEC3E1F70CE4100B1961A /* AddressModel.swift in Sources */ = {isa = PBXBuildFile; fileRef = FDDFEC3D1F70CE4100B1961A /* AddressModel.swift */; };
		FDE7CAF21FCE4E8D00D07F0D /* EncryptDecrypt.m in Sources */ = {isa = PBXBuildFile; fileRef = FDE7CAEA1FCE4E8D00D07F0D /* EncryptDecrypt.m */; settings = {COMPILER_FLAGS = "-fno-objc-arc"; }; };
		FDE7CAF31FCE4E8D00D07F0D /* GTMBase64.m in Sources */ = {isa = PBXBuildFile; fileRef = FDE7CAEC1FCE4E8D00D07F0D /* GTMBase64.m */; };
		FDE7CAF41FCE4E8D00D07F0D /* NSData+CommonCrypto.m in Sources */ = {isa = PBXBuildFile; fileRef = FDE7CAEF1FCE4E8D00D07F0D /* NSData+CommonCrypto.m */; };
		FDE7CAF51FCE4E8D00D07F0D /* NSData+UTF8.m in Sources */ = {isa = PBXBuildFile; fileRef = FDE7CAF11FCE4E8D00D07F0D /* NSData+UTF8.m */; };
		FDE7CAF71FCE563700D07F0D /* ServersAESTool.swift in Sources */ = {isa = PBXBuildFile; fileRef = FDE7CAF61FCE563700D07F0D /* ServersAESTool.swift */; };
		FDE7CB131FCE9EFE00D07F0D /* libiconv.2.4.0.tbd in Frameworks */ = {isa = PBXBuildFile; fileRef = FDD374641FC6B50B0090DC51 /* libiconv.2.4.0.tbd */; };
		FDEDC8661F6D0D5D00ACBF6A /* AppDelegate.swift in Sources */ = {isa = PBXBuildFile; fileRef = FDEDC8651F6D0D5D00ACBF6A /* AppDelegate.swift */; };
		FDEDC8861F6D0E9F00ACBF6A /* ViewController.swift in Sources */ = {isa = PBXBuildFile; fileRef = FDEDC87D1F6D0E9F00ACBF6A /* ViewController.swift */; };
		FDEDC8A21F6D116E00ACBF6A /* Assets.xcassets in Resources */ = {isa = PBXBuildFile; fileRef = FDEDC8A11F6D116E00ACBF6A /* Assets.xcassets */; };
		FDEDC8A71F6D117900ACBF6A /* LaunchScreen.storyboard in Resources */ = {isa = PBXBuildFile; fileRef = FDEDC8A31F6D117900ACBF6A /* LaunchScreen.storyboard */; };
		FDEDC8A81F6D117900ACBF6A /* Main.storyboard in Resources */ = {isa = PBXBuildFile; fileRef = FDEDC8A51F6D117900ACBF6A /* Main.storyboard */; };
/* End PBXBuildFile section */

/* Begin PBXFileReference section */
		1B6CDDB70D754834CAEDC44B /* Pods_Swift____.framework */ = {isa = PBXFileReference; explicitFileType = wrapper.framework; includeInIndex = 0; path = "Pods_Swift____.framework"; sourceTree = BUILT_PRODUCTS_DIR; };
		CDB37D2971AA9E2D728D3AFC /* Pods-Swift项目框架.release.xcconfig */ = {isa = PBXFileReference; includeInIndex = 1; lastKnownFileType = text.xcconfig; name = "Pods-Swift项目框架.release.xcconfig"; path = "Pods/Target Support Files/Pods-Swift项目框架/Pods-Swift项目框架.release.xcconfig"; sourceTree = "<group>"; };
		ED21802B3E61E64BBDC9E423 /* Pods-Swift项目框架.debug.xcconfig */ = {isa = PBXFileReference; includeInIndex = 1; lastKnownFileType = text.xcconfig; name = "Pods-Swift项目框架.debug.xcconfig"; path = "Pods/Target Support Files/Pods-Swift项目框架/Pods-Swift项目框架.debug.xcconfig"; sourceTree = "<group>"; };
		FD06E2161FC80118004CC4E5 /* ThreadTool.swift */ = {isa = PBXFileReference; lastKnownFileType = sourcecode.swift; path = ThreadTool.swift; sourceTree = "<group>"; };
		FD09C46E1FC52F3E0033C27A /* LocalStorable.swift */ = {isa = PBXFileReference; fileEncoding = 4; lastKnownFileType = sourcecode.swift; path = LocalStorable.swift; sourceTree = "<group>"; };
		FD09C4701FC52F3E0033C27A /* AlertTool.swift */ = {isa = PBXFileReference; fileEncoding = 4; lastKnownFileType = sourcecode.swift; path = AlertTool.swift; sourceTree = "<group>"; };
		FD09C4711FC52F3E0033C27A /* HUDTool.swift */ = {isa = PBXFileReference; fileEncoding = 4; lastKnownFileType = sourcecode.swift; path = HUDTool.swift; sourceTree = "<group>"; };
		FD09C4721FC52F3E0033C27A /* PhotosChooseTool.swift */ = {isa = PBXFileReference; fileEncoding = 4; lastKnownFileType = sourcecode.swift; path = PhotosChooseTool.swift; sourceTree = "<group>"; };
		FD09C4821FC52F990033C27A /* Mappable.swift */ = {isa = PBXFileReference; lastKnownFileType = sourcecode.swift; path = Mappable.swift; sourceTree = "<group>"; };
		FD0CA5521FE0FE5000DF5368 /* UIButton+UILinkCreate.swift */ = {isa = PBXFileReference; fileEncoding = 4; lastKnownFileType = sourcecode.swift; path = "UIButton+UILinkCreate.swift"; sourceTree = "<group>"; };
		FD0CA5531FE0FE5000DF5368 /* UICreable.swift */ = {isa = PBXFileReference; fileEncoding = 4; lastKnownFileType = sourcecode.swift; path = UICreable.swift; sourceTree = "<group>"; };
		FD0CA5541FE0FE5000DF5368 /* UIImageView+UILinkCreate.swift */ = {isa = PBXFileReference; fileEncoding = 4; lastKnownFileType = sourcecode.swift; path = "UIImageView+UILinkCreate.swift"; sourceTree = "<group>"; };
		FD0CA5551FE0FE5000DF5368 /* UILable+UILinkCreate.swift */ = {isa = PBXFileReference; fileEncoding = 4; lastKnownFileType = sourcecode.swift; path = "UILable+UILinkCreate.swift"; sourceTree = "<group>"; };
		FD0CA5561FE0FE5000DF5368 /* UITableView+UILinkCreate.swift */ = {isa = PBXFileReference; fileEncoding = 4; lastKnownFileType = sourcecode.swift; path = "UITableView+UILinkCreate.swift"; sourceTree = "<group>"; };
		FD0CA5571FE0FE5000DF5368 /* UITextField+UILinkCreate.swift */ = {isa = PBXFileReference; fileEncoding = 4; lastKnownFileType = sourcecode.swift; path = "UITextField+UILinkCreate.swift"; sourceTree = "<group>"; };
		FD0CA5581FE0FE5000DF5368 /* UITextView+UILinkCreate.swift */ = {isa = PBXFileReference; fileEncoding = 4; lastKnownFileType = sourcecode.swift; path = "UITextView+UILinkCreate.swift"; sourceTree = "<group>"; };
		FD0CA5591FE0FE5000DF5368 /* UIView+UILinkCreate.swift */ = {isa = PBXFileReference; fileEncoding = 4; lastKnownFileType = sourcecode.swift; path = "UIView+UILinkCreate.swift"; sourceTree = "<group>"; };
		FD0CA57B1FE10E2600DF5368 /* InputAccessory+Extension.swift */ = {isa = PBXFileReference; fileEncoding = 4; lastKnownFileType = sourcecode.swift; path = "InputAccessory+Extension.swift"; sourceTree = "<group>"; };
		FD0CA57C1FE10E2600DF5368 /* Sequece+Extension.swift */ = {isa = PBXFileReference; fileEncoding = 4; lastKnownFileType = sourcecode.swift; path = "Sequece+Extension.swift"; sourceTree = "<group>"; };
		FD0CA57D1FE10E2600DF5368 /* String+Extension.swift */ = {isa = PBXFileReference; fileEncoding = 4; lastKnownFileType = sourcecode.swift; path = "String+Extension.swift"; sourceTree = "<group>"; };
		FD0CA57E1FE10E2600DF5368 /* UIButton+Extension.swift */ = {isa = PBXFileReference; fileEncoding = 4; lastKnownFileType = sourcecode.swift; path = "UIButton+Extension.swift"; sourceTree = "<group>"; };
		FD0CA57F1FE10E2600DF5368 /* UIColor+Extension.swift */ = {isa = PBXFileReference; fileEncoding = 4; lastKnownFileType = sourcecode.swift; path = "UIColor+Extension.swift"; sourceTree = "<group>"; };
		FD0CA5801FE10E2600DF5368 /* UIImage+Extension.swift */ = {isa = PBXFileReference; fileEncoding = 4; lastKnownFileType = sourcecode.swift; path = "UIImage+Extension.swift"; sourceTree = "<group>"; };
		FD0CA5811FE10E2600DF5368 /* UITableView+Extension.swift */ = {isa = PBXFileReference; fileEncoding = 4; lastKnownFileType = sourcecode.swift; path = "UITableView+Extension.swift"; sourceTree = "<group>"; };
		FD0CA5821FE10E2600DF5368 /* UITableView+Refresh.swift */ = {isa = PBXFileReference; fileEncoding = 4; lastKnownFileType = sourcecode.swift; path = "UITableView+Refresh.swift"; sourceTree = "<group>"; };
		FD0CA5831FE10E2600DF5368 /* UIView+Extension.swift */ = {isa = PBXFileReference; fileEncoding = 4; lastKnownFileType = sourcecode.swift; path = "UIView+Extension.swift"; sourceTree = "<group>"; };
		FD0CA5841FE10E2600DF5368 /* UIView+Frame.swift */ = {isa = PBXFileReference; fileEncoding = 4; lastKnownFileType = sourcecode.swift; path = "UIView+Frame.swift"; sourceTree = "<group>"; };
		FD0CA5851FE10E2600DF5368 /* UIViewController+Extension.swift */ = {isa = PBXFileReference; fileEncoding = 4; lastKnownFileType = sourcecode.swift; path = "UIViewController+Extension.swift"; sourceTree = "<group>"; };
		FD49BF441F7C971500895A29 /* WebInteractionProtocol.swift */ = {isa = PBXFileReference; lastKnownFileType = sourcecode.swift; path = WebInteractionProtocol.swift; sourceTree = "<group>"; };
		FD49BF471F7C9F2900895A29 /* LICENSE */ = {isa = PBXFileReference; lastKnownFileType = text; path = LICENSE; sourceTree = "<group>"; };
		FD49BF481F7C9F2900895A29 /* README.md */ = {isa = PBXFileReference; lastKnownFileType = net.daringfireball.markdown; path = README.md; sourceTree = "<group>"; };
		FD49BF4A1F7C9F2900895A29 /* WebViewJavascriptBridge.h */ = {isa = PBXFileReference; lastKnownFileType = sourcecode.c.h; path = WebViewJavascriptBridge.h; sourceTree = "<group>"; };
		FD49BF4B1F7C9F2900895A29 /* WebViewJavascriptBridge.m */ = {isa = PBXFileReference; lastKnownFileType = sourcecode.c.objc; path = WebViewJavascriptBridge.m; sourceTree = "<group>"; };
		FD49BF4C1F7C9F2900895A29 /* WebViewJavascriptBridge_JS.h */ = {isa = PBXFileReference; lastKnownFileType = sourcecode.c.h; path = WebViewJavascriptBridge_JS.h; sourceTree = "<group>"; };
		FD49BF4D1F7C9F2900895A29 /* WebViewJavascriptBridge_JS.m */ = {isa = PBXFileReference; lastKnownFileType = sourcecode.c.objc; path = WebViewJavascriptBridge_JS.m; sourceTree = "<group>"; };
		FD49BF4E1F7C9F2900895A29 /* WebViewJavascriptBridgeBase.h */ = {isa = PBXFileReference; lastKnownFileType = sourcecode.c.h; path = WebViewJavascriptBridgeBase.h; sourceTree = "<group>"; };
		FD49BF4F1F7C9F2900895A29 /* WebViewJavascriptBridgeBase.m */ = {isa = PBXFileReference; lastKnownFileType = sourcecode.c.objc; path = WebViewJavascriptBridgeBase.m; sourceTree = "<group>"; };
		FD49BF501F7C9F2900895A29 /* WKWebViewJavascriptBridge.h */ = {isa = PBXFileReference; lastKnownFileType = sourcecode.c.h; path = WKWebViewJavascriptBridge.h; sourceTree = "<group>"; };
		FD49BF511F7C9F2900895A29 /* WKWebViewJavascriptBridge.m */ = {isa = PBXFileReference; lastKnownFileType = sourcecode.c.objc; path = WKWebViewJavascriptBridge.m; sourceTree = "<group>"; };
		FD49BF521F7C9F7400895A29 /* WebBridgeController.swift */ = {isa = PBXFileReference; lastKnownFileType = sourcecode.swift; path = WebBridgeController.swift; sourceTree = "<group>"; };
		FD56115220A42BD500F95DC6 /* RXSwfitExerciseViewController.swift */ = {isa = PBXFileReference; lastKnownFileType = sourcecode.swift; path = RXSwfitExerciseViewController.swift; sourceTree = "<group>"; };
		FD8B598C209C4C2000D0FC6A /* Api.swift */ = {isa = PBXFileReference; lastKnownFileType = sourcecode.swift; path = Api.swift; sourceTree = "<group>"; };
		FD8B598E209C4C6400D0FC6A /* HomeApi.swift */ = {isa = PBXFileReference; lastKnownFileType = sourcecode.swift; path = HomeApi.swift; sourceTree = "<group>"; };
		FD8B5990209C595B00D0FC6A /* UserModel.swift */ = {isa = PBXFileReference; lastKnownFileType = sourcecode.swift; path = UserModel.swift; sourceTree = "<group>"; };
		FD9F9EA11F78C7B600F53BCF /* Swift项目框架-Bridging-Header.h */ = {isa = PBXFileReference; lastKnownFileType = sourcecode.c.h; path = "Swift项目框架-Bridging-Header.h"; sourceTree = "<group>"; };
		FDB2CD5620BBA0FB00AE5775 /* Pods_Swift项目框架.framework */ = {isa = PBXFileReference; explicitFileType = wrapper.framework; path = "Pods_Swift项目框架.framework"; sourceTree = BUILT_PRODUCTS_DIR; };
		FDB2CD5920BBA17400AE5775 /* ZGNotificationsVC.swift */ = {isa = PBXFileReference; lastKnownFileType = sourcecode.swift; path = ZGNotificationsVC.swift; sourceTree = "<group>"; };
		FDB2CD5B20BBA1F700AE5775 /* ZGNotificationCell.swift */ = {isa = PBXFileReference; lastKnownFileType = sourcecode.swift; path = ZGNotificationCell.swift; sourceTree = "<group>"; };
		FDB2CD5D20BBA3BA00AE5775 /* ZGNotificationViewModel.swift */ = {isa = PBXFileReference; lastKnownFileType = sourcecode.swift; path = ZGNotificationViewModel.swift; sourceTree = "<group>"; };
		FDB2CD5F20BBA50B00AE5775 /* UIView+Rx.swift */ = {isa = PBXFileReference; fileEncoding = 4; lastKnownFileType = sourcecode.swift; path = "UIView+Rx.swift"; sourceTree = "<group>"; };
		FDB2CD6020BBA50B00AE5775 /* Extension+Rx.swift */ = {isa = PBXFileReference; fileEncoding = 4; lastKnownFileType = sourcecode.swift; path = "Extension+Rx.swift"; sourceTree = "<group>"; };
		FDB611CA1F7BB16F00C31195 /* BaseViewController.swift */ = {isa = PBXFileReference; lastKnownFileType = sourcecode.swift; path = BaseViewController.swift; sourceTree = "<group>"; };
		FDB611CB1F7BB16F00C31195 /* BaseNavigationController.swift */ = {isa = PBXFileReference; lastKnownFileType = sourcecode.swift; path = BaseNavigationController.swift; sourceTree = "<group>"; };
		FDB611CC1F7BB16F00C31195 /* BaseTableCell.swift */ = {isa = PBXFileReference; lastKnownFileType = sourcecode.swift; path = BaseTableCell.swift; sourceTree = "<group>"; };
		FDBB57A320BBF841001A5642 /* ZGNotificationsModel.swift */ = {isa = PBXFileReference; lastKnownFileType = sourcecode.swift; path = ZGNotificationsModel.swift; sourceTree = "<group>"; };
		FDBFA65420BD5EA100F1CEBD /* CleanJSON.swift */ = {isa = PBXFileReference; fileEncoding = 4; lastKnownFileType = sourcecode.swift; path = CleanJSON.swift; sourceTree = "<group>"; };
		FDC25A5020A040FB001B72B5 /* TextCalculatable.swift */ = {isa = PBXFileReference; lastKnownFileType = sourcecode.swift; path = TextCalculatable.swift; sourceTree = "<group>"; };
		FDC377A61FC57D6E002DD81B /* AESTool.swift */ = {isa = PBXFileReference; lastKnownFileType = sourcecode.swift; path = AESTool.swift; sourceTree = "<group>"; };
		FDC5F6AB1FC6A7FE008850B0 /* PhotoBrowserTool.swift */ = {isa = PBXFileReference; lastKnownFileType = sourcecode.swift; path = PhotoBrowserTool.swift; sourceTree = "<group>"; };
		FDC703B51F7B920700C2F534 /* BaseWebVC.swift */ = {isa = PBXFileReference; lastKnownFileType = sourcecode.swift; path = BaseWebVC.swift; sourceTree = "<group>"; };
		FDC9C35520BE7BED006B4A6B /* CacheService.swift */ = {isa = PBXFileReference; lastKnownFileType = sourcecode.swift; path = CacheService.swift; sourceTree = "<group>"; };
		FDC9C35720BE7C04006B4A6B /* DatabaseService.swift */ = {isa = PBXFileReference; lastKnownFileType = sourcecode.swift; path = DatabaseService.swift; sourceTree = "<group>"; };
		FDC9C35B20BE94B5006B4A6B /* Cacheable.swift */ = {isa = PBXFileReference; lastKnownFileType = sourcecode.swift; path = Cacheable.swift; sourceTree = "<group>"; };
		FDC9C35D20BE96E0006B4A6B /* ServiceConst.swift */ = {isa = PBXFileReference; lastKnownFileType = sourcecode.swift; path = ServiceConst.swift; sourceTree = "<group>"; };
		FDD1D85C20C50F1A0099D517 /* BasePopupView.swift */ = {isa = PBXFileReference; lastKnownFileType = sourcecode.swift; path = BasePopupView.swift; sourceTree = "<group>"; };
		FDD1D85E20C512B80099D517 /* TestPopupView.swift */ = {isa = PBXFileReference; lastKnownFileType = sourcecode.swift; path = TestPopupView.swift; sourceTree = "<group>"; };
		FDD374641FC6B50B0090DC51 /* libiconv.2.4.0.tbd */ = {isa = PBXFileReference; lastKnownFileType = "sourcecode.text-based-dylib-definition"; name = libiconv.2.4.0.tbd; path = usr/lib/libiconv.2.4.0.tbd; sourceTree = SDKROOT; };
		FDDED4C520B64BD1004DA07D /* ViewModelType.swift */ = {isa = PBXFileReference; lastKnownFileType = sourcecode.swift; path = ViewModelType.swift; sourceTree = "<group>"; };
		FDDED4CA20B64DF8004DA07D /* ZGHandleAuthVC.swift */ = {isa = PBXFileReference; lastKnownFileType = sourcecode.swift; path = ZGHandleAuthVC.swift; sourceTree = "<group>"; };
		FDDED4CC20B64E1D004DA07D /* ZGAuthViewModel.swift */ = {isa = PBXFileReference; lastKnownFileType = sourcecode.swift; path = ZGAuthViewModel.swift; sourceTree = "<group>"; };
		FDDED4CE20B66A0E004DA07D /* ZGAuthModel.swift */ = {isa = PBXFileReference; lastKnownFileType = sourcecode.swift; path = ZGAuthModel.swift; sourceTree = "<group>"; };
		FDDED4E020B6A104004DA07D /* SystemAuthorizationService.swift */ = {isa = PBXFileReference; lastKnownFileType = sourcecode.swift; path = SystemAuthorizationService.swift; sourceTree = "<group>"; };
		FDDEE95F2085A3DC00A4616C /* ThirdConst.swift */ = {isa = PBXFileReference; fileEncoding = 4; lastKnownFileType = sourcecode.swift; path = ThirdConst.swift; sourceTree = "<group>"; };
		FDDEE9602085A3DC00A4616C /* APPConst.swift */ = {isa = PBXFileReference; fileEncoding = 4; lastKnownFileType = sourcecode.swift; path = APPConst.swift; sourceTree = "<group>"; };
		FDDEE9612085A3DC00A4616C /* NotificationConst.swift */ = {isa = PBXFileReference; fileEncoding = 4; lastKnownFileType = sourcecode.swift; path = NotificationConst.swift; sourceTree = "<group>"; };
		FDDEE9622085A3DD00A4616C /* UserDefaultConst.swift */ = {isa = PBXFileReference; fileEncoding = 4; lastKnownFileType = sourcecode.swift; path = UserDefaultConst.swift; sourceTree = "<group>"; };
		FDDEE9632085A3DD00A4616C /* ImageConst.swift */ = {isa = PBXFileReference; fileEncoding = 4; lastKnownFileType = sourcecode.swift; path = ImageConst.swift; sourceTree = "<group>"; };
		FDDEE9642085A3DD00A4616C /* URLConst.swift */ = {isa = PBXFileReference; fileEncoding = 4; lastKnownFileType = sourcecode.swift; path = URLConst.swift; sourceTree = "<group>"; };
		FDDEE9652085A3DE00A4616C /* FontAndColorConst.swift */ = {isa = PBXFileReference; fileEncoding = 4; lastKnownFileType = sourcecode.swift; path = FontAndColorConst.swift; sourceTree = "<group>"; };
		FDDEE9662085A3DE00A4616C /* UtilsConst.swift */ = {isa = PBXFileReference; fileEncoding = 4; lastKnownFileType = sourcecode.swift; path = UtilsConst.swift; sourceTree = "<group>"; };
		FDDEE9672085A3DE00A4616C /* FrameConst.swift */ = {isa = PBXFileReference; fileEncoding = 4; lastKnownFileType = sourcecode.swift; path = FrameConst.swift; sourceTree = "<group>"; };
		FDDEE9712085A48F00A4616C /* RequestValue.swift */ = {isa = PBXFileReference; fileEncoding = 4; lastKnownFileType = sourcecode.swift; path = RequestValue.swift; sourceTree = "<group>"; };
		FDDEE9722085A48F00A4616C /* RequestCache.swift */ = {isa = PBXFileReference; fileEncoding = 4; lastKnownFileType = sourcecode.swift; path = RequestCache.swift; sourceTree = "<group>"; };
		FDDEE9732085A49000A4616C /* Requester.swift */ = {isa = PBXFileReference; fileEncoding = 4; lastKnownFileType = sourcecode.swift; path = Requester.swift; sourceTree = "<group>"; };
		FDDEE9742085A49000A4616C /* RequestManager.swift */ = {isa = PBXFileReference; fileEncoding = 4; lastKnownFileType = sourcecode.swift; path = RequestManager.swift; sourceTree = "<group>"; };
		FDDFEC3D1F70CE4100B1961A /* AddressModel.swift */ = {isa = PBXFileReference; fileEncoding = 4; lastKnownFileType = sourcecode.swift; path = AddressModel.swift; sourceTree = "<group>"; };
		FDE7CAE91FCE4E8D00D07F0D /* EncryptDecrypt.h */ = {isa = PBXFileReference; fileEncoding = 4; lastKnownFileType = sourcecode.c.h; path = EncryptDecrypt.h; sourceTree = "<group>"; };
		FDE7CAEA1FCE4E8D00D07F0D /* EncryptDecrypt.m */ = {isa = PBXFileReference; fileEncoding = 4; lastKnownFileType = sourcecode.c.objc; path = EncryptDecrypt.m; sourceTree = "<group>"; };
		FDE7CAEB1FCE4E8D00D07F0D /* GTMBase64.h */ = {isa = PBXFileReference; fileEncoding = 4; lastKnownFileType = sourcecode.c.h; path = GTMBase64.h; sourceTree = "<group>"; };
		FDE7CAEC1FCE4E8D00D07F0D /* GTMBase64.m */ = {isa = PBXFileReference; fileEncoding = 4; lastKnownFileType = sourcecode.c.objc; path = GTMBase64.m; sourceTree = "<group>"; };
		FDE7CAED1FCE4E8D00D07F0D /* GTMDefines.h */ = {isa = PBXFileReference; fileEncoding = 4; lastKnownFileType = sourcecode.c.h; path = GTMDefines.h; sourceTree = "<group>"; };
		FDE7CAEE1FCE4E8D00D07F0D /* NSData+CommonCrypto.h */ = {isa = PBXFileReference; fileEncoding = 4; lastKnownFileType = sourcecode.c.h; path = "NSData+CommonCrypto.h"; sourceTree = "<group>"; };
		FDE7CAEF1FCE4E8D00D07F0D /* NSData+CommonCrypto.m */ = {isa = PBXFileReference; fileEncoding = 4; lastKnownFileType = sourcecode.c.objc; path = "NSData+CommonCrypto.m"; sourceTree = "<group>"; };
		FDE7CAF01FCE4E8D00D07F0D /* NSData+UTF8.h */ = {isa = PBXFileReference; fileEncoding = 4; lastKnownFileType = sourcecode.c.h; path = "NSData+UTF8.h"; sourceTree = "<group>"; };
		FDE7CAF11FCE4E8D00D07F0D /* NSData+UTF8.m */ = {isa = PBXFileReference; fileEncoding = 4; lastKnownFileType = sourcecode.c.objc; path = "NSData+UTF8.m"; sourceTree = "<group>"; };
		FDE7CAF61FCE563700D07F0D /* ServersAESTool.swift */ = {isa = PBXFileReference; lastKnownFileType = sourcecode.swift; path = ServersAESTool.swift; sourceTree = "<group>"; };
		FDEDC8621F6D0D5D00ACBF6A /* Swift项目框架.app */ = {isa = PBXFileReference; explicitFileType = wrapper.application; includeInIndex = 0; path = "Swift项目框架.app"; sourceTree = BUILT_PRODUCTS_DIR; };
		FDEDC8651F6D0D5D00ACBF6A /* AppDelegate.swift */ = {isa = PBXFileReference; lastKnownFileType = sourcecode.swift; path = AppDelegate.swift; sourceTree = "<group>"; };
		FDEDC87D1F6D0E9F00ACBF6A /* ViewController.swift */ = {isa = PBXFileReference; fileEncoding = 4; lastKnownFileType = sourcecode.swift; path = ViewController.swift; sourceTree = "<group>"; };
		FDEDC8981F6D115F00ACBF6A /* Info.plist */ = {isa = PBXFileReference; fileEncoding = 4; lastKnownFileType = text.plist.xml; path = Info.plist; sourceTree = "<group>"; };
		FDEDC8A11F6D116E00ACBF6A /* Assets.xcassets */ = {isa = PBXFileReference; lastKnownFileType = folder.assetcatalog; path = Assets.xcassets; sourceTree = "<group>"; };
		FDEDC8A41F6D117900ACBF6A /* Base */ = {isa = PBXFileReference; lastKnownFileType = file.storyboard; name = Base; path = Base.lproj/LaunchScreen.storyboard; sourceTree = "<group>"; };
		FDEDC8A61F6D117900ACBF6A /* Base */ = {isa = PBXFileReference; lastKnownFileType = file.storyboard; name = Base; path = Base.lproj/Main.storyboard; sourceTree = "<group>"; };
/* End PBXFileReference section */

/* Begin PBXFrameworksBuildPhase section */
		FDEDC85F1F6D0D5D00ACBF6A /* Frameworks */ = {
			isa = PBXFrameworksBuildPhase;
			buildActionMask = 2147483647;
			files = (
				FDB2CD5720BBA0FB00AE5775 /* Pods_Swift项目框架.framework in Frameworks */,
				FDE7CB131FCE9EFE00D07F0D /* libiconv.2.4.0.tbd in Frameworks */,
				A6E6371E492911ECF5D969E6 /* Pods_Swift____.framework in Frameworks */,
			);
			runOnlyForDeploymentPostprocessing = 0;
		};
/* End PBXFrameworksBuildPhase section */

/* Begin PBXGroup section */
		4F4C3C7DC2AD0A94DFF0BEEB /* Pods */ = {
			isa = PBXGroup;
			children = (
				ED21802B3E61E64BBDC9E423 /* Pods-Swift项目框架.debug.xcconfig */,
				CDB37D2971AA9E2D728D3AFC /* Pods-Swift项目框架.release.xcconfig */,
			);
			name = Pods;
			sourceTree = "<group>";
		};
		6EEDF771521522A5F9BCE4DD /* Frameworks */ = {
			isa = PBXGroup;
			children = (
				FDB2CD5620BBA0FB00AE5775 /* Pods_Swift项目框架.framework */,
				FDD374641FC6B50B0090DC51 /* libiconv.2.4.0.tbd */,
				1B6CDDB70D754834CAEDC44B /* Pods_Swift____.framework */,
			);
			name = Frameworks;
			sourceTree = "<group>";
		};
		FD09C4611FC52F3E0033C27A /* General */ = {
			isa = PBXGroup;
			children = (
				FDC9C35420BE7BB2006B4A6B /* Service */,
				FD8B598B209C4C0D00D0FC6A /* Api */,
				FD0CA57A1FE10E2600DF5368 /* Extension */,
				FD09C46D1FC52F3E0033C27A /* Protocol */,
				FD09C46C1FC52F3E0033C27A /* Manager */,
				FD09C46F1FC52F3E0033C27A /* Tool */,
			);
			path = General;
			sourceTree = "<group>";
		};
		FD09C46C1FC52F3E0033C27A /* Manager */ = {
			isa = PBXGroup;
			children = (
				FDDED4E020B6A104004DA07D /* SystemAuthorizationService.swift */,
			);
			path = Manager;
			sourceTree = "<group>";
		};
		FD09C46D1FC52F3E0033C27A /* Protocol */ = {
			isa = PBXGroup;
			children = (
				FD0CA5511FE0FE5000DF5368 /* UICreable */,
				FD09C46E1FC52F3E0033C27A /* LocalStorable.swift */,
				FD09C4821FC52F990033C27A /* Mappable.swift */,
				FDC25A5020A040FB001B72B5 /* TextCalculatable.swift */,
				FDDED4C520B64BD1004DA07D /* ViewModelType.swift */,
				FDC9C35B20BE94B5006B4A6B /* Cacheable.swift */,
			);
			path = Protocol;
			sourceTree = "<group>";
		};
		FD09C46F1FC52F3E0033C27A /* Tool */ = {
			isa = PBXGroup;
			children = (
				FD0CA5481FE0FCDE00DF5368 /* NetWork */,
				FD09C4701FC52F3E0033C27A /* AlertTool.swift */,
				FD09C4711FC52F3E0033C27A /* HUDTool.swift */,
				FD09C4721FC52F3E0033C27A /* PhotosChooseTool.swift */,
				FDC5F6AB1FC6A7FE008850B0 /* PhotoBrowserTool.swift */,
				FDC377A61FC57D6E002DD81B /* AESTool.swift */,
				FDE7CAF61FCE563700D07F0D /* ServersAESTool.swift */,
				FD06E2161FC80118004CC4E5 /* ThreadTool.swift */,
			);
			path = Tool;
			sourceTree = "<group>";
		};
		FD0CA5481FE0FCDE00DF5368 /* NetWork */ = {
			isa = PBXGroup;
			children = (
				FDDEE9732085A49000A4616C /* Requester.swift */,
				FDDEE9722085A48F00A4616C /* RequestCache.swift */,
				FDDEE9742085A49000A4616C /* RequestManager.swift */,
				FDDEE9712085A48F00A4616C /* RequestValue.swift */,
			);
			path = NetWork;
			sourceTree = "<group>";
		};
		FD0CA5511FE0FE5000DF5368 /* UICreable */ = {
			isa = PBXGroup;
			children = (
				FD0CA5531FE0FE5000DF5368 /* UICreable.swift */,
				FD0CA5591FE0FE5000DF5368 /* UIView+UILinkCreate.swift */,
				FD0CA5521FE0FE5000DF5368 /* UIButton+UILinkCreate.swift */,
				FD0CA5541FE0FE5000DF5368 /* UIImageView+UILinkCreate.swift */,
				FD0CA5551FE0FE5000DF5368 /* UILable+UILinkCreate.swift */,
				FD0CA5561FE0FE5000DF5368 /* UITableView+UILinkCreate.swift */,
				FD0CA5571FE0FE5000DF5368 /* UITextField+UILinkCreate.swift */,
				FD0CA5581FE0FE5000DF5368 /* UITextView+UILinkCreate.swift */,
			);
			path = UICreable;
			sourceTree = "<group>";
		};
		FD0CA57A1FE10E2600DF5368 /* Extension */ = {
			isa = PBXGroup;
			children = (
				FD13EC3320B51633006AD703 /* RX */,
				FD0CA57B1FE10E2600DF5368 /* InputAccessory+Extension.swift */,
				FD0CA57C1FE10E2600DF5368 /* Sequece+Extension.swift */,
				FD0CA57D1FE10E2600DF5368 /* String+Extension.swift */,
				FD0CA57E1FE10E2600DF5368 /* UIButton+Extension.swift */,
				FD0CA57F1FE10E2600DF5368 /* UIColor+Extension.swift */,
				FD0CA5801FE10E2600DF5368 /* UIImage+Extension.swift */,
				FD0CA5811FE10E2600DF5368 /* UITableView+Extension.swift */,
				FD0CA5821FE10E2600DF5368 /* UITableView+Refresh.swift */,
				FD0CA5831FE10E2600DF5368 /* UIView+Extension.swift */,
				FD0CA5841FE10E2600DF5368 /* UIView+Frame.swift */,
				FD0CA5851FE10E2600DF5368 /* UIViewController+Extension.swift */,
			);
			path = Extension;
			sourceTree = "<group>";
		};
		FD13EC3320B51633006AD703 /* RX */ = {
			isa = PBXGroup;
			children = (
				FDB2CD6020BBA50B00AE5775 /* Extension+Rx.swift */,
				FDB2CD5F20BBA50B00AE5775 /* UIView+Rx.swift */,
			);
			path = RX;
			sourceTree = "<group>";
		};
		FD49BF461F7C9F2900895A29 /* WebViewJavascriptBridge */ = {
			isa = PBXGroup;
			children = (
				FD49BF471F7C9F2900895A29 /* LICENSE */,
				FD49BF481F7C9F2900895A29 /* README.md */,
				FD49BF491F7C9F2900895A29 /* WebViewJavascriptBridge */,
			);
			path = WebViewJavascriptBridge;
			sourceTree = "<group>";
		};
		FD49BF491F7C9F2900895A29 /* WebViewJavascriptBridge */ = {
			isa = PBXGroup;
			children = (
				FD49BF4A1F7C9F2900895A29 /* WebViewJavascriptBridge.h */,
				FD49BF4B1F7C9F2900895A29 /* WebViewJavascriptBridge.m */,
				FD49BF4C1F7C9F2900895A29 /* WebViewJavascriptBridge_JS.h */,
				FD49BF4D1F7C9F2900895A29 /* WebViewJavascriptBridge_JS.m */,
				FD49BF4E1F7C9F2900895A29 /* WebViewJavascriptBridgeBase.h */,
				FD49BF4F1F7C9F2900895A29 /* WebViewJavascriptBridgeBase.m */,
				FD49BF501F7C9F2900895A29 /* WKWebViewJavascriptBridge.h */,
				FD49BF511F7C9F2900895A29 /* WKWebViewJavascriptBridge.m */,
			);
			path = WebViewJavascriptBridge;
			sourceTree = "<group>";
		};
		FD8B598B209C4C0D00D0FC6A /* Api */ = {
			isa = PBXGroup;
			children = (
				FD8B598C209C4C2000D0FC6A /* Api.swift */,
				FD8B598E209C4C6400D0FC6A /* HomeApi.swift */,
			);
			path = Api;
			sourceTree = "<group>";
		};
		FDB2CD5820BBA14200AE5775 /* Notification */ = {
			isa = PBXGroup;
			children = (
				FDB2CD5920BBA17400AE5775 /* ZGNotificationsVC.swift */,
				FDBB57A320BBF841001A5642 /* ZGNotificationsModel.swift */,
				FDB2CD5B20BBA1F700AE5775 /* ZGNotificationCell.swift */,
				FDB2CD5D20BBA3BA00AE5775 /* ZGNotificationViewModel.swift */,
			);
			path = Notification;
			sourceTree = "<group>";
		};
		FDBFA65320BD5E9300F1CEBD /* CleanJSON */ = {
			isa = PBXGroup;
			children = (
				FDBFA65420BD5EA100F1CEBD /* CleanJSON.swift */,
			);
			path = CleanJSON;
			sourceTree = "<group>";
		};
		FDC703B41F7B91F400C2F534 /* WebViewController */ = {
			isa = PBXGroup;
			children = (
				FDC703B51F7B920700C2F534 /* BaseWebVC.swift */,
				FD49BF441F7C971500895A29 /* WebInteractionProtocol.swift */,
				FD49BF521F7C9F7400895A29 /* WebBridgeController.swift */,
			);
			path = WebViewController;
			sourceTree = "<group>";
		};
		FDC9C35420BE7BB2006B4A6B /* Service */ = {
			isa = PBXGroup;
			children = (
				FDC9C35520BE7BED006B4A6B /* CacheService.swift */,
				FDC9C35720BE7C04006B4A6B /* DatabaseService.swift */,
			);
			path = Service;
			sourceTree = "<group>";
		};
		FDD1D85820C50ED40099D517 /* Public */ = {
			isa = PBXGroup;
			children = (
				FDD1D85B20C50EF40099D517 /* Popup */,
				FDD1D85A20C50EE60099D517 /* ViewController */,
				FDD1D85920C50EE10099D517 /* View */,
			);
			path = Public;
			sourceTree = "<group>";
		};
		FDD1D85920C50EE10099D517 /* View */ = {
			isa = PBXGroup;
			children = (
			);
			path = View;
			sourceTree = "<group>";
		};
		FDD1D85A20C50EE60099D517 /* ViewController */ = {
			isa = PBXGroup;
			children = (
			);
			path = ViewController;
			sourceTree = "<group>";
		};
		FDD1D85B20C50EF40099D517 /* Popup */ = {
			isa = PBXGroup;
			children = (
				FDD1D85C20C50F1A0099D517 /* BasePopupView.swift */,
				FDD1D85E20C512B80099D517 /* TestPopupView.swift */,
			);
			path = Popup;
			sourceTree = "<group>";
		};
		FDDED4C720B64DBF004DA07D /* AuthManage */ = {
			isa = PBXGroup;
			children = (
				FDDED4CA20B64DF8004DA07D /* ZGHandleAuthVC.swift */,
				FDDED4CC20B64E1D004DA07D /* ZGAuthViewModel.swift */,
				FDDED4CE20B66A0E004DA07D /* ZGAuthModel.swift */,
			);
			path = AuthManage;
			sourceTree = "<group>";
		};
		FDE7CAE81FCE4E8D00D07F0D /* Security */ = {
			isa = PBXGroup;
			children = (
				FDE7CAE91FCE4E8D00D07F0D /* EncryptDecrypt.h */,
				FDE7CAEA1FCE4E8D00D07F0D /* EncryptDecrypt.m */,
				FDE7CAEB1FCE4E8D00D07F0D /* GTMBase64.h */,
				FDE7CAEC1FCE4E8D00D07F0D /* GTMBase64.m */,
				FDE7CAED1FCE4E8D00D07F0D /* GTMDefines.h */,
				FDE7CAEE1FCE4E8D00D07F0D /* NSData+CommonCrypto.h */,
				FDE7CAEF1FCE4E8D00D07F0D /* NSData+CommonCrypto.m */,
				FDE7CAF01FCE4E8D00D07F0D /* NSData+UTF8.h */,
				FDE7CAF11FCE4E8D00D07F0D /* NSData+UTF8.m */,
			);
			path = Security;
			sourceTree = "<group>";
		};
		FDEDC8591F6D0D5D00ACBF6A = {
			isa = PBXGroup;
			children = (
				FDEDC8641F6D0D5D00ACBF6A /* Swift项目框架 */,
				FDEDC8631F6D0D5D00ACBF6A /* Products */,
				4F4C3C7DC2AD0A94DFF0BEEB /* Pods */,
				6EEDF771521522A5F9BCE4DD /* Frameworks */,
			);
			sourceTree = "<group>";
		};
		FDEDC8631F6D0D5D00ACBF6A /* Products */ = {
			isa = PBXGroup;
			children = (
				FDEDC8621F6D0D5D00ACBF6A /* Swift项目框架.app */,
			);
			name = Products;
			sourceTree = "<group>";
		};
		FDEDC8641F6D0D5D00ACBF6A /* Swift项目框架 */ = {
			isa = PBXGroup;
			children = (
				FDEDC8651F6D0D5D00ACBF6A /* AppDelegate.swift */,
				FDEDC8771F6D0E9F00ACBF6A /* Base */,
				FDEDC87C1F6D0E9F00ACBF6A /* Modules */,
				FD09C4611FC52F3E0033C27A /* General */,
				FDEDC87A1F6D0E9F00ACBF6A /* Library */,
				FDEDC8791F6D0E9F00ACBF6A /* Const */,
				FDEDC8971F6D115000ACBF6A /* SuportFile */,
			);
			path = "Swift项目框架";
			sourceTree = "<group>";
		};
		FDEDC8771F6D0E9F00ACBF6A /* Base */ = {
			isa = PBXGroup;
			children = (
				FDB611CB1F7BB16F00C31195 /* BaseNavigationController.swift */,
				FDB611CA1F7BB16F00C31195 /* BaseViewController.swift */,
				FDB611CC1F7BB16F00C31195 /* BaseTableCell.swift */,
				FDC703B41F7B91F400C2F534 /* WebViewController */,
			);
			path = Base;
			sourceTree = "<group>";
		};
		FDEDC8791F6D0E9F00ACBF6A /* Const */ = {
			isa = PBXGroup;
			children = (
				FDDEE9602085A3DC00A4616C /* APPConst.swift */,
				FDDEE9652085A3DE00A4616C /* FontAndColorConst.swift */,
				FDDEE9672085A3DE00A4616C /* FrameConst.swift */,
				FDDEE9632085A3DD00A4616C /* ImageConst.swift */,
				FDDEE9612085A3DC00A4616C /* NotificationConst.swift */,
				FDDEE95F2085A3DC00A4616C /* ThirdConst.swift */,
				FDC9C35D20BE96E0006B4A6B /* ServiceConst.swift */,
				FDDEE9642085A3DD00A4616C /* URLConst.swift */,
				FDDEE9622085A3DD00A4616C /* UserDefaultConst.swift */,
				FDDEE9662085A3DE00A4616C /* UtilsConst.swift */,
			);
			path = Const;
			sourceTree = "<group>";
		};
		FDEDC87A1F6D0E9F00ACBF6A /* Library */ = {
			isa = PBXGroup;
			children = (
				FDBFA65320BD5E9300F1CEBD /* CleanJSON */,
				FDE7CAE81FCE4E8D00D07F0D /* Security */,
				FD49BF461F7C9F2900895A29 /* WebViewJavascriptBridge */,
			);
			path = Library;
			sourceTree = "<group>";
		};
		FDEDC87C1F6D0E9F00ACBF6A /* Modules */ = {
			isa = PBXGroup;
			children = (
				FDD1D85820C50ED40099D517 /* Public */,
				FDEDC87D1F6D0E9F00ACBF6A /* ViewController.swift */,
				FD56115220A42BD500F95DC6 /* RXSwfitExerciseViewController.swift */,
				FDDFEC3D1F70CE4100B1961A /* AddressModel.swift */,
				FD8B5990209C595B00D0FC6A /* UserModel.swift */,
				FDB2CD5820BBA14200AE5775 /* Notification */,
				FDDED4C720B64DBF004DA07D /* AuthManage */,
			);
			path = Modules;
			sourceTree = "<group>";
		};
		FDEDC8971F6D115000ACBF6A /* SuportFile */ = {
			isa = PBXGroup;
			children = (
				FDEDC8A11F6D116E00ACBF6A /* Assets.xcassets */,
				FDEDC8981F6D115F00ACBF6A /* Info.plist */,
				FDEDC8A31F6D117900ACBF6A /* LaunchScreen.storyboard */,
				FDEDC8A51F6D117900ACBF6A /* Main.storyboard */,
				FD9F9EA11F78C7B600F53BCF /* Swift项目框架-Bridging-Header.h */,
			);
			name = SuportFile;
			sourceTree = "<group>";
		};
/* End PBXGroup section */

/* Begin PBXNativeTarget section */
		FDEDC8611F6D0D5D00ACBF6A /* Swift项目框架 */ = {
			isa = PBXNativeTarget;
			buildConfigurationList = FDEDC8741F6D0D5E00ACBF6A /* Build configuration list for PBXNativeTarget "Swift项目框架" */;
			buildPhases = (
				E3C6FA40F8CAE079C0938560 /* [CP] Check Pods Manifest.lock */,
				FDEDC85E1F6D0D5D00ACBF6A /* Sources */,
				FDEDC85F1F6D0D5D00ACBF6A /* Frameworks */,
				FDEDC8601F6D0D5D00ACBF6A /* Resources */,
				CDC0C163C627A61A81413C89 /* [CP] Embed Pods Frameworks */,
			);
			buildRules = (
			);
			dependencies = (
			);
			name = "Swift项目框架";
			productName = "Swift项目框架";
			productReference = FDEDC8621F6D0D5D00ACBF6A /* Swift项目框架.app */;
			productType = "com.apple.product-type.application";
		};
/* End PBXNativeTarget section */

/* Begin PBXProject section */
		FDEDC85A1F6D0D5D00ACBF6A /* Project object */ = {
			isa = PBXProject;
			attributes = {
				LastSwiftUpdateCheck = 0830;
				LastUpgradeCheck = 0830;
				ORGANIZATIONNAME = wushiqi;
				TargetAttributes = {
					FDEDC8611F6D0D5D00ACBF6A = {
						CreatedOnToolsVersion = 8.3.3;
						DevelopmentTeam = VN8VAKHNWG;
						LastSwiftMigration = 0900;
						ProvisioningStyle = Automatic;
					};
				};
			};
			buildConfigurationList = FDEDC85D1F6D0D5D00ACBF6A /* Build configuration list for PBXProject "Swift项目框架" */;
			compatibilityVersion = "Xcode 3.2";
			developmentRegion = English;
			hasScannedForEncodings = 0;
			knownRegions = (
				en,
				Base,
			);
			mainGroup = FDEDC8591F6D0D5D00ACBF6A;
			productRefGroup = FDEDC8631F6D0D5D00ACBF6A /* Products */;
			projectDirPath = "";
			projectRoot = "";
			targets = (
				FDEDC8611F6D0D5D00ACBF6A /* Swift项目框架 */,
			);
		};
/* End PBXProject section */

/* Begin PBXResourcesBuildPhase section */
		FDEDC8601F6D0D5D00ACBF6A /* Resources */ = {
			isa = PBXResourcesBuildPhase;
			buildActionMask = 2147483647;
			files = (
				FDDD1B501FC420B300D8C1BF /* Info.plist in Resources */,
				FDEDC8A71F6D117900ACBF6A /* LaunchScreen.storyboard in Resources */,
				FDEDC8A21F6D116E00ACBF6A /* Assets.xcassets in Resources */,
				FDEDC8A81F6D117900ACBF6A /* Main.storyboard in Resources */,
			);
			runOnlyForDeploymentPostprocessing = 0;
		};
/* End PBXResourcesBuildPhase section */

/* Begin PBXShellScriptBuildPhase section */
		CDC0C163C627A61A81413C89 /* [CP] Embed Pods Frameworks */ = {
			isa = PBXShellScriptBuildPhase;
			buildActionMask = 2147483647;
			files = (
			);
			inputPaths = (
				"${SRCROOT}/Pods/Target Support Files/Pods-Swift项目框架/Pods-Swift项目框架-frameworks.sh",
				"${BUILT_PRODUCTS_DIR}/Alamofire/Alamofire.framework",
				"${BUILT_PRODUCTS_DIR}/Cache/Cache.framework",
				"${BUILT_PRODUCTS_DIR}/CryptoSwift/CryptoSwift.framework",
				"${BUILT_PRODUCTS_DIR}/Differentiator/Differentiator.framework",
				"${BUILT_PRODUCTS_DIR}/EFQRCode/EFQRCode.framework",
				"${BUILT_PRODUCTS_DIR}/FDFullscreenPopGesture/FDFullscreenPopGesture.framework",
				"${BUILT_PRODUCTS_DIR}/HandyJSON/HandyJSON.framework",
				"${BUILT_PRODUCTS_DIR}/Kingfisher/Kingfisher.framework",
				"${BUILT_PRODUCTS_DIR}/MBProgressHUD/MBProgressHUD.framework",
				"${BUILT_PRODUCTS_DIR}/MJRefresh/MJRefresh.framework",
				"${BUILT_PRODUCTS_DIR}/RxCocoa/RxCocoa.framework",
				"${BUILT_PRODUCTS_DIR}/RxDataSources/RxDataSources.framework",
				"${BUILT_PRODUCTS_DIR}/RxSwift/RxSwift.framework",
				"${BUILT_PRODUCTS_DIR}/SKPhotoBrowser/SKPhotoBrowser.framework",
				"${BUILT_PRODUCTS_DIR}/SQAutoScrollView/SQAutoScrollView.framework",
				"${BUILT_PRODUCTS_DIR}/SQLite.swift/SQLite.framework",
				"${BUILT_PRODUCTS_DIR}/SnapKit/SnapKit.framework",
				"${BUILT_PRODUCTS_DIR}/SwifterSwift/SwifterSwift.framework",
				"${BUILT_PRODUCTS_DIR}/SwiftyJSON/SwiftyJSON.framework",
				"${BUILT_PRODUCTS_DIR}/TOCropViewController/TOCropViewController.framework",
				"${BUILT_PRODUCTS_DIR}/YLImagePickerController/YLImagePickerController.framework",
			);
			name = "[CP] Embed Pods Frameworks";
			outputPaths = (
				"${TARGET_BUILD_DIR}/${FRAMEWORKS_FOLDER_PATH}/Alamofire.framework",
				"${TARGET_BUILD_DIR}/${FRAMEWORKS_FOLDER_PATH}/Cache.framework",
				"${TARGET_BUILD_DIR}/${FRAMEWORKS_FOLDER_PATH}/CryptoSwift.framework",
				"${TARGET_BUILD_DIR}/${FRAMEWORKS_FOLDER_PATH}/Differentiator.framework",
				"${TARGET_BUILD_DIR}/${FRAMEWORKS_FOLDER_PATH}/EFQRCode.framework",
				"${TARGET_BUILD_DIR}/${FRAMEWORKS_FOLDER_PATH}/FDFullscreenPopGesture.framework",
				"${TARGET_BUILD_DIR}/${FRAMEWORKS_FOLDER_PATH}/HandyJSON.framework",
				"${TARGET_BUILD_DIR}/${FRAMEWORKS_FOLDER_PATH}/Kingfisher.framework",
				"${TARGET_BUILD_DIR}/${FRAMEWORKS_FOLDER_PATH}/MBProgressHUD.framework",
				"${TARGET_BUILD_DIR}/${FRAMEWORKS_FOLDER_PATH}/MJRefresh.framework",
				"${TARGET_BUILD_DIR}/${FRAMEWORKS_FOLDER_PATH}/RxCocoa.framework",
				"${TARGET_BUILD_DIR}/${FRAMEWORKS_FOLDER_PATH}/RxDataSources.framework",
				"${TARGET_BUILD_DIR}/${FRAMEWORKS_FOLDER_PATH}/RxSwift.framework",
				"${TARGET_BUILD_DIR}/${FRAMEWORKS_FOLDER_PATH}/SKPhotoBrowser.framework",
				"${TARGET_BUILD_DIR}/${FRAMEWORKS_FOLDER_PATH}/SQAutoScrollView.framework",
				"${TARGET_BUILD_DIR}/${FRAMEWORKS_FOLDER_PATH}/SQLite.framework",
				"${TARGET_BUILD_DIR}/${FRAMEWORKS_FOLDER_PATH}/SnapKit.framework",
				"${TARGET_BUILD_DIR}/${FRAMEWORKS_FOLDER_PATH}/SwifterSwift.framework",
				"${TARGET_BUILD_DIR}/${FRAMEWORKS_FOLDER_PATH}/SwiftyJSON.framework",
				"${TARGET_BUILD_DIR}/${FRAMEWORKS_FOLDER_PATH}/TOCropViewController.framework",
				"${TARGET_BUILD_DIR}/${FRAMEWORKS_FOLDER_PATH}/YLImagePickerController.framework",
			);
			runOnlyForDeploymentPostprocessing = 0;
			shellPath = /bin/sh;
			shellScript = "\"${SRCROOT}/Pods/Target Support Files/Pods-Swift项目框架/Pods-Swift项目框架-frameworks.sh\"\n";
			showEnvVarsInLog = 0;
		};
		E3C6FA40F8CAE079C0938560 /* [CP] Check Pods Manifest.lock */ = {
			isa = PBXShellScriptBuildPhase;
			buildActionMask = 2147483647;
			files = (
			);
			inputPaths = (
				"${PODS_PODFILE_DIR_PATH}/Podfile.lock",
				"${PODS_ROOT}/Manifest.lock",
			);
			name = "[CP] Check Pods Manifest.lock";
			outputPaths = (
				"$(DERIVED_FILE_DIR)/Pods-Swift项目框架-checkManifestLockResult.txt",
			);
			runOnlyForDeploymentPostprocessing = 0;
			shellPath = /bin/sh;
			shellScript = "diff \"${PODS_PODFILE_DIR_PATH}/Podfile.lock\" \"${PODS_ROOT}/Manifest.lock\" > /dev/null\nif [ $? != 0 ] ; then\n    # print error to STDERR\n    echo \"error: The sandbox is not in sync with the Podfile.lock. Run 'pod install' or update your CocoaPods installation.\" >&2\n    exit 1\nfi\n# This output is used by Xcode 'outputs' to avoid re-running this script phase.\necho \"SUCCESS\" > \"${SCRIPT_OUTPUT_FILE_0}\"\n";
			showEnvVarsInLog = 0;
		};
/* End PBXShellScriptBuildPhase section */

/* Begin PBXSourcesBuildPhase section */
		FDEDC85E1F6D0D5D00ACBF6A /* Sources */ = {
			isa = PBXSourcesBuildPhase;
			buildActionMask = 2147483647;
			files = (
				FD49BF541F7CA51500895A29 /* WebViewJavascriptBridge.m in Sources */,
				FDE7CAF41FCE4E8D00D07F0D /* NSData+CommonCrypto.m in Sources */,
				FDE7CAF51FCE4E8D00D07F0D /* NSData+UTF8.m in Sources */,
				FDDEE96D2085A3DE00A4616C /* URLConst.swift in Sources */,
				FD0CA55F1FE0FE5200DF5368 /* UITextField+UILinkCreate.swift in Sources */,
				FDBB57A420BBF841001A5642 /* ZGNotificationsModel.swift in Sources */,
				FDB2CD5A20BBA17400AE5775 /* ZGNotificationsVC.swift in Sources */,
				FD0CA5901FE10E2600DF5368 /* UIViewController+Extension.swift in Sources */,
				FDDEE96C2085A3DE00A4616C /* ImageConst.swift in Sources */,
				FD49BF551F7CA51500895A29 /* WebViewJavascriptBridge_JS.m in Sources */,
				FD0CA55D1FE0FE5200DF5368 /* UILable+UILinkCreate.swift in Sources */,
				FDD1D85D20C50F1A0099D517 /* BasePopupView.swift in Sources */,
				FDDED4E120B6A104004DA07D /* SystemAuthorizationService.swift in Sources */,
				FD0CA5871FE10E2600DF5368 /* Sequece+Extension.swift in Sources */,
				FDDEE9692085A3DE00A4616C /* APPConst.swift in Sources */,
				FD56115320A42BD500F95DC6 /* RXSwfitExerciseViewController.swift in Sources */,
				FDDEE9752085A49100A4616C /* RequestValue.swift in Sources */,
				FD0CA5881FE10E2600DF5368 /* String+Extension.swift in Sources */,
				FDC5F6AC1FC6A7FE008850B0 /* PhotoBrowserTool.swift in Sources */,
				FD49BF561F7CA51500895A29 /* WebViewJavascriptBridgeBase.m in Sources */,
				FDDEE9772085A49100A4616C /* Requester.swift in Sources */,
				FD0CA58C1FE10E2600DF5368 /* UITableView+Extension.swift in Sources */,
				FDDEE96E2085A3DE00A4616C /* FontAndColorConst.swift in Sources */,
				FD8B598D209C4C2000D0FC6A /* Api.swift in Sources */,
				FDDEE96F2085A3DE00A4616C /* UtilsConst.swift in Sources */,
				FD8B5991209C595B00D0FC6A /* UserModel.swift in Sources */,
				FDC25A5120A040FB001B72B5 /* TextCalculatable.swift in Sources */,
				FDDEE9762085A49100A4616C /* RequestCache.swift in Sources */,
				FD0CA5601FE0FE5200DF5368 /* UITextView+UILinkCreate.swift in Sources */,
				FDE7CAF21FCE4E8D00D07F0D /* EncryptDecrypt.m in Sources */,
				FD49BF571F7CA51500895A29 /* WKWebViewJavascriptBridge.m in Sources */,
				FDC703B61F7B920700C2F534 /* BaseWebVC.swift in Sources */,
				FD09C47D1FC52F3E0033C27A /* LocalStorable.swift in Sources */,
				FD0CA55B1FE0FE5200DF5368 /* UICreable.swift in Sources */,
				FDDEE9782085A49100A4616C /* RequestManager.swift in Sources */,
				FD0CA5891FE10E2600DF5368 /* UIButton+Extension.swift in Sources */,
				FD0CA58F1FE10E2600DF5368 /* UIView+Frame.swift in Sources */,
				FDDEE9702085A3DE00A4616C /* FrameConst.swift in Sources */,
				FD0CA58A1FE10E2600DF5368 /* UIColor+Extension.swift in Sources */,
				FDC9C35C20BE94B5006B4A6B /* Cacheable.swift in Sources */,
				FDB2CD5E20BBA3BA00AE5775 /* ZGNotificationViewModel.swift in Sources */,
				FD09C4801FC52F3E0033C27A /* PhotosChooseTool.swift in Sources */,
				FD09C47F1FC52F3E0033C27A /* HUDTool.swift in Sources */,
				FDDED4CD20B64E1D004DA07D /* ZGAuthViewModel.swift in Sources */,
				FDB2CD5C20BBA1F700AE5775 /* ZGNotificationCell.swift in Sources */,
				FDEDC8861F6D0E9F00ACBF6A /* ViewController.swift in Sources */,
				FD0CA55E1FE0FE5200DF5368 /* UITableView+UILinkCreate.swift in Sources */,
				FD06E2171FC80118004CC4E5 /* ThreadTool.swift in Sources */,
				FDBFA65520BD5EA100F1CEBD /* CleanJSON.swift in Sources */,
				FDC9C35820BE7C04006B4A6B /* DatabaseService.swift in Sources */,
				FD0CA58B1FE10E2600DF5368 /* UIImage+Extension.swift in Sources */,
				FDC377A71FC57D6E002DD81B /* AESTool.swift in Sources */,
				FDDED4C620B64BD1004DA07D /* ViewModelType.swift in Sources */,
				FDD1D85F20C512B80099D517 /* TestPopupView.swift in Sources */,
				FD49BF451F7C971500895A29 /* WebInteractionProtocol.swift in Sources */,
				FD09C47E1FC52F3E0033C27A /* AlertTool.swift in Sources */,
				FDE7CAF71FCE563700D07F0D /* ServersAESTool.swift in Sources */,
				FDB611CE1F7BB16F00C31195 /* BaseNavigationController.swift in Sources */,
				FDB611CD1F7BB16F00C31195 /* BaseViewController.swift in Sources */,
				FD49BF531F7C9F7400895A29 /* WebBridgeController.swift in Sources */,
				FD09C4831FC52F990033C27A /* Mappable.swift in Sources */,
				FDE7CAF31FCE4E8D00D07F0D /* GTMBase64.m in Sources */,
				FD0CA5611FE0FE5200DF5368 /* UIView+UILinkCreate.swift in Sources */,
				FD8B598F209C4C6400D0FC6A /* HomeApi.swift in Sources */,
				FDB2CD6120BBA50B00AE5775 /* UIView+Rx.swift in Sources */,
				FDDFEC3E1F70CE4100B1961A /* AddressModel.swift in Sources */,
				FDC9C35620BE7BED006B4A6B /* CacheService.swift in Sources */,
				FDB611CF1F7BB16F00C31195 /* BaseTableCell.swift in Sources */,
				FDDED4CB20B64DF8004DA07D /* ZGHandleAuthVC.swift in Sources */,
				FD0CA58E1FE10E2600DF5368 /* UIView+Extension.swift in Sources */,
				FDDED4CF20B66A0E004DA07D /* ZGAuthModel.swift in Sources */,
				FDDEE96B2085A3DE00A4616C /* UserDefaultConst.swift in Sources */,
				FDC9C35E20BE96E0006B4A6B /* ServiceConst.swift in Sources */,
				FD0CA58D1FE10E2600DF5368 /* UITableView+Refresh.swift in Sources */,
				FD0CA55C1FE0FE5200DF5368 /* UIImageView+UILinkCreate.swift in Sources */,
				FD0CA5861FE10E2600DF5368 /* InputAccessory+Extension.swift in Sources */,
				FDEDC8661F6D0D5D00ACBF6A /* AppDelegate.swift in Sources */,
				FD0CA55A1FE0FE5200DF5368 /* UIButton+UILinkCreate.swift in Sources */,
				FDDEE96A2085A3DE00A4616C /* NotificationConst.swift in Sources */,
				FDDEE9682085A3DE00A4616C /* ThirdConst.swift in Sources */,
				FDB2CD6220BBA50B00AE5775 /* Extension+Rx.swift in Sources */,
			);
			runOnlyForDeploymentPostprocessing = 0;
		};
/* End PBXSourcesBuildPhase section */

/* Begin PBXVariantGroup section */
		FDEDC8A31F6D117900ACBF6A /* LaunchScreen.storyboard */ = {
			isa = PBXVariantGroup;
			children = (
				FDEDC8A41F6D117900ACBF6A /* Base */,
			);
			name = LaunchScreen.storyboard;
			sourceTree = "<group>";
		};
		FDEDC8A51F6D117900ACBF6A /* Main.storyboard */ = {
			isa = PBXVariantGroup;
			children = (
				FDEDC8A61F6D117900ACBF6A /* Base */,
			);
			name = Main.storyboard;
			sourceTree = "<group>";
		};
/* End PBXVariantGroup section */

/* Begin XCBuildConfiguration section */
		FDEDC8721F6D0D5E00ACBF6A /* Debug */ = {
			isa = XCBuildConfiguration;
			buildSettings = {
				ALWAYS_SEARCH_USER_PATHS = NO;
				CLANG_ANALYZER_NONNULL = YES;
				CLANG_ANALYZER_NUMBER_OBJECT_CONVERSION = YES_AGGRESSIVE;
				CLANG_CXX_LANGUAGE_STANDARD = "gnu++0x";
				CLANG_CXX_LIBRARY = "libc++";
				CLANG_ENABLE_MODULES = YES;
				CLANG_ENABLE_OBJC_ARC = YES;
				CLANG_WARN_BOOL_CONVERSION = YES;
				CLANG_WARN_CONSTANT_CONVERSION = YES;
				CLANG_WARN_DIRECT_OBJC_ISA_USAGE = YES_ERROR;
				CLANG_WARN_DOCUMENTATION_COMMENTS = YES;
				CLANG_WARN_EMPTY_BODY = YES;
				CLANG_WARN_ENUM_CONVERSION = YES;
				CLANG_WARN_INFINITE_RECURSION = YES;
				CLANG_WARN_INT_CONVERSION = YES;
				CLANG_WARN_OBJC_ROOT_CLASS = YES_ERROR;
				CLANG_WARN_SUSPICIOUS_MOVE = YES;
				CLANG_WARN_UNREACHABLE_CODE = YES;
				CLANG_WARN__DUPLICATE_METHOD_MATCH = YES;
				"CODE_SIGN_IDENTITY[sdk=iphoneos*]" = "iPhone Developer";
				COPY_PHASE_STRIP = NO;
				DEBUG_INFORMATION_FORMAT = dwarf;
				ENABLE_STRICT_OBJC_MSGSEND = YES;
				ENABLE_TESTABILITY = YES;
				GCC_C_LANGUAGE_STANDARD = gnu99;
				GCC_DYNAMIC_NO_PIC = NO;
				GCC_NO_COMMON_BLOCKS = YES;
				GCC_OPTIMIZATION_LEVEL = 0;
				GCC_PREPROCESSOR_DEFINITIONS = (
					"DEBUG=1",
					"$(inherited)",
				);
				GCC_WARN_64_TO_32_BIT_CONVERSION = YES;
				GCC_WARN_ABOUT_RETURN_TYPE = YES_ERROR;
				GCC_WARN_UNDECLARED_SELECTOR = YES;
				GCC_WARN_UNINITIALIZED_AUTOS = YES_AGGRESSIVE;
				GCC_WARN_UNUSED_FUNCTION = YES;
				GCC_WARN_UNUSED_VARIABLE = YES;
				IPHONEOS_DEPLOYMENT_TARGET = 10.3;
				MTL_ENABLE_DEBUG_INFO = YES;
				ONLY_ACTIVE_ARCH = YES;
				SDKROOT = iphoneos;
				SWIFT_ACTIVE_COMPILATION_CONDITIONS = DEBUG;
				SWIFT_OPTIMIZATION_LEVEL = "-Onone";
				TARGETED_DEVICE_FAMILY = "1,2";
			};
			name = Debug;
		};
		FDEDC8731F6D0D5E00ACBF6A /* Release */ = {
			isa = XCBuildConfiguration;
			buildSettings = {
				ALWAYS_SEARCH_USER_PATHS = NO;
				CLANG_ANALYZER_NONNULL = YES;
				CLANG_ANALYZER_NUMBER_OBJECT_CONVERSION = YES_AGGRESSIVE;
				CLANG_CXX_LANGUAGE_STANDARD = "gnu++0x";
				CLANG_CXX_LIBRARY = "libc++";
				CLANG_ENABLE_MODULES = YES;
				CLANG_ENABLE_OBJC_ARC = YES;
				CLANG_WARN_BOOL_CONVERSION = YES;
				CLANG_WARN_CONSTANT_CONVERSION = YES;
				CLANG_WARN_DIRECT_OBJC_ISA_USAGE = YES_ERROR;
				CLANG_WARN_DOCUMENTATION_COMMENTS = YES;
				CLANG_WARN_EMPTY_BODY = YES;
				CLANG_WARN_ENUM_CONVERSION = YES;
				CLANG_WARN_INFINITE_RECURSION = YES;
				CLANG_WARN_INT_CONVERSION = YES;
				CLANG_WARN_OBJC_ROOT_CLASS = YES_ERROR;
				CLANG_WARN_SUSPICIOUS_MOVE = YES;
				CLANG_WARN_UNREACHABLE_CODE = YES;
				CLANG_WARN__DUPLICATE_METHOD_MATCH = YES;
				"CODE_SIGN_IDENTITY[sdk=iphoneos*]" = "iPhone Developer";
				COPY_PHASE_STRIP = NO;
				DEBUG_INFORMATION_FORMAT = "dwarf-with-dsym";
				ENABLE_NS_ASSERTIONS = NO;
				ENABLE_STRICT_OBJC_MSGSEND = YES;
				GCC_C_LANGUAGE_STANDARD = gnu99;
				GCC_NO_COMMON_BLOCKS = YES;
				GCC_WARN_64_TO_32_BIT_CONVERSION = YES;
				GCC_WARN_ABOUT_RETURN_TYPE = YES_ERROR;
				GCC_WARN_UNDECLARED_SELECTOR = YES;
				GCC_WARN_UNINITIALIZED_AUTOS = YES_AGGRESSIVE;
				GCC_WARN_UNUSED_FUNCTION = YES;
				GCC_WARN_UNUSED_VARIABLE = YES;
				IPHONEOS_DEPLOYMENT_TARGET = 10.3;
				MTL_ENABLE_DEBUG_INFO = NO;
				SDKROOT = iphoneos;
				SWIFT_OPTIMIZATION_LEVEL = "-Owholemodule";
				TARGETED_DEVICE_FAMILY = "1,2";
				VALIDATE_PRODUCT = YES;
			};
			name = Release;
		};
		FDEDC8751F6D0D5E00ACBF6A /* Debug */ = {
			isa = XCBuildConfiguration;
			baseConfigurationReference = ED21802B3E61E64BBDC9E423 /* Pods-Swift项目框架.debug.xcconfig */;
			buildSettings = {
				ASSETCATALOG_COMPILER_APPICON_NAME = AppIcon;
				CLANG_ENABLE_MODULES = YES;
				DEVELOPMENT_TEAM = VN8VAKHNWG;
				GCC_PREPROCESSOR_DEFINITIONS = (
					"$(inherited)",
					"COCOAPODS=1",
				);
				INFOPLIST_FILE = "Swift项目框架/Info.plist";
				IPHONEOS_DEPLOYMENT_TARGET = 9.0;
				LD_RUNPATH_SEARCH_PATHS = "$(inherited) @executable_path/Frameworks";
				PRODUCT_BUNDLE_IDENTIFIER = "com.weiqitong.Swift----";
				PRODUCT_NAME = "$(TARGET_NAME)";
				SWIFT_OBJC_BRIDGING_HEADER = "Swift项目框架/Swift项目框架-Bridging-Header.h";
				SWIFT_OPTIMIZATION_LEVEL = "-Onone";
				SWIFT_VERSION = 4.0;
				TARGETED_DEVICE_FAMILY = 1;
				USER_HEADER_SEARCH_PATHS = "${SRCROOT}/**";
			};
			name = Debug;
		};
		FDEDC8761F6D0D5E00ACBF6A /* Release */ = {
			isa = XCBuildConfiguration;
			baseConfigurationReference = CDB37D2971AA9E2D728D3AFC /* Pods-Swift项目框架.release.xcconfig */;
			buildSettings = {
				ASSETCATALOG_COMPILER_APPICON_NAME = AppIcon;
				CLANG_ENABLE_MODULES = YES;
				DEVELOPMENT_TEAM = VN8VAKHNWG;
				GCC_PREPROCESSOR_DEFINITIONS = (
					"$(inherited)",
					"COCOAPODS=1",
				);
				INFOPLIST_FILE = "Swift项目框架/Info.plist";
				IPHONEOS_DEPLOYMENT_TARGET = 9.0;
				LD_RUNPATH_SEARCH_PATHS = "$(inherited) @executable_path/Frameworks";
				PRODUCT_BUNDLE_IDENTIFIER = "com.weiqitong.Swift----";
				PRODUCT_NAME = "$(TARGET_NAME)";
				SWIFT_OBJC_BRIDGING_HEADER = "Swift项目框架/Swift项目框架-Bridging-Header.h";
				SWIFT_VERSION = 4.0;
				TARGETED_DEVICE_FAMILY = 1;
				USER_HEADER_SEARCH_PATHS = "${SRCROOT}/**";
			};
			name = Release;
		};
/* End XCBuildConfiguration section */

/* Begin XCConfigurationList section */
		FDEDC85D1F6D0D5D00ACBF6A /* Build configuration list for PBXProject "Swift项目框架" */ = {
			isa = XCConfigurationList;
			buildConfigurations = (
				FDEDC8721F6D0D5E00ACBF6A /* Debug */,
				FDEDC8731F6D0D5E00ACBF6A /* Release */,
			);
			defaultConfigurationIsVisible = 0;
			defaultConfigurationName = Release;
		};
		FDEDC8741F6D0D5E00ACBF6A /* Build configuration list for PBXNativeTarget "Swift项目框架" */ = {
			isa = XCConfigurationList;
			buildConfigurations = (
				FDEDC8751F6D0D5E00ACBF6A /* Debug */,
				FDEDC8761F6D0D5E00ACBF6A /* Release */,
			);
			defaultConfigurationIsVisible = 0;
			defaultConfigurationName = Release;
		};
/* End XCConfigurationList section */
	};
	rootObject = FDEDC85A1F6D0D5D00ACBF6A /* Project object */;
}
